{
  "name": "mobile",
  "lockfileVersion": 3,
  "requires": true,
  "packages": {
    "": {
      "dependencies": {
        "expo-image-picker": "^17.0.10"
      }
    },
    "node_modules/expo-image-loader": {
      "version": "6.0.0",
      "resolved": "https://registry.npmjs.org/expo-image-loader/-/expo-image-loader-6.0.0.tgz",
      "integrity": "sha512-nKs/xnOGw6ACb4g26xceBD57FKLFkSwEUTDXEDF3Gtcu3MqF3ZIYd3YM+sSb1/z9AKV1dYT7rMSGVNgsveXLIQ==",
      "license": "MIT",
      "peerDependencies": {
        "expo": "*"
      }
    },
    "node_modules/expo-image-picker": {
      "version": "17.0.10",
      "resolved": "https://registry.npmjs.org/expo-image-picker/-/expo-image-picker-17.0.10.tgz",
      "integrity": "sha512-a2xrowp2trmvXyUWgX3O6Q2rZaa2C59AqivKI7+bm+wLvMfTEbZgldLX4rEJJhM8xtmEDTNU+lzjtObwzBRGaw==",
      "license": "MIT",
      "dependencies": {
        "expo-image-loader": "~6.0.0"
      },
      "peerDependencies": {
        "expo": "*"
      }
    }
  }
}
